➜  Terraform git:(main) ✗ terraform apply

Terraform used the selected providers to generate the following execution plan. Resource actions are indicated with the following symbols:
  + create

Terraform will perform the following actions:

  # yandex_compute_instance.node01 will be created
  + resource "yandex_compute_instance" "node01" {
      + allow_stopping_for_update = true
      + created_at                = (known after apply)
      + folder_id                 = (known after apply)
      + fqdn                      = (known after apply)
      + gpu_cluster_id            = (known after apply)
      + hostname                  = "node01.netology.cloud"
      + id                        = (known after apply)
      + metadata                  = {
          + "ssh-keys" = <<-EOT
                ubuntu:ssh-rsa AAAAB3NzaC1yc2EAAAADAQABAAABgQCfaA1lmiWc01RjCc7V2FyL1PAwyq0IJVrE2InF42ibwsNJq6c5fkdySQ81grQmdBe9al2VxIB3ca8S50ZElZagSsfTR2B/Q5APwZnV1GzAB5CCiEzrqpH1kUmNQlZmqgh52QrruyvZnRzl8/5DHyuRsA94ODgZXkDThzzdYYJ6ay5hFVTyLNKJO30lxJpECU8Ln+u7GBSYPoR5YK2yb3fbwVMsatTfxdJ1ASVtL1gYj0/xyuhRORO5ZMTtFn0E3D57HDriYgOg7LFetwTOJdKZWQa9z5/bKB7GaxqZrymvl8KEJU3wHDU62tGovTbWeZnvBfKC88ow3IOfNX/yWZSxGJQ0IF1Bl6jPn3kwChqdLBsk4coQK+Vs3PzWg7Ek6YG8Sw175bFaT1ndw1RsjlZiKgIvp9A+qgvBpTMPP5f1B5VBKfeRPWxz+8SBvIDwDnTV1PjREfUykXTViDGAjdtH5zRmdQ9JfiZVIi364KbOD8lOrvfg7o3Y2JRaAB5yHAk= a@tasenko.ru
            EOT
        }
      + name                      = "node01"
      + network_acceleration_type = "standard"
      + platform_id               = "standard-v1"
      + service_account_id        = (known after apply)
      + status                    = (known after apply)
      + zone                      = "ru-central1-a"

      + boot_disk {
          + auto_delete = true
          + device_name = (known after apply)
          + disk_id     = (known after apply)
          + mode        = (known after apply)

          + initialize_params {
              + block_size  = (known after apply)
              + description = (known after apply)
              + image_id    = "fd8ftgbh37lmg65tnq4b"
              + name        = "root-node01"
              + size        = 50
              + snapshot_id = (known after apply)
              + type        = "network-nvme"
            }
        }

      + network_interface {
          + index              = (known after apply)
          + ip_address         = (known after apply)
          + ipv4               = true
          + ipv6               = (known after apply)
          + ipv6_address       = (known after apply)
          + mac_address        = (known after apply)
          + nat                = true
          + nat_ip_address     = (known after apply)
          + nat_ip_version     = (known after apply)
          + security_group_ids = (known after apply)
          + subnet_id          = (known after apply)
        }

      + resources {
          + core_fraction = 100
          + cores         = 8
          + memory        = 8
        }
    }

  # yandex_vpc_network.default will be created
  + resource "yandex_vpc_network" "default" {
      + created_at                = (known after apply)
      + default_security_group_id = (known after apply)
      + folder_id                 = (known after apply)
      + id                        = (known after apply)
      + labels                    = (known after apply)
      + name                      = "net"
      + subnet_ids                = (known after apply)
    }

  # yandex_vpc_subnet.default will be created
  + resource "yandex_vpc_subnet" "default" {
      + created_at     = (known after apply)
      + folder_id      = (known after apply)
      + id             = (known after apply)
      + labels         = (known after apply)
      + name           = "subnet"
      + network_id     = (known after apply)
      + v4_cidr_blocks = [
          + "192.168.101.0/24",
        ]
      + v6_cidr_blocks = (known after apply)
      + zone           = "ru-central1-a"
    }

Plan: 3 to add, 0 to change, 0 to destroy.

Changes to Outputs:
  + external_ip_address_node01_yandex_cloud = (known after apply)
  + internal_ip_address_node01_yandex_cloud = (known after apply)

Do you want to perform these actions?
  Terraform will perform the actions described above.
  Only 'yes' will be accepted to approve.

  Enter a value: yes

yandex_vpc_network.default: Creating...
yandex_vpc_network.default: Creation complete after 2s [id=enpooj87iloa5dv8hv08]
yandex_vpc_subnet.default: Creating...
yandex_vpc_subnet.default: Creation complete after 1s [id=e9b0vq9da80gqc43vk0i]
yandex_compute_instance.node01: Creating...
yandex_compute_instance.node01: Still creating... [10s elapsed]
yandex_compute_instance.node01: Still creating... [20s elapsed]
yandex_compute_instance.node01: Still creating... [30s elapsed]
yandex_compute_instance.node01: Still creating... [40s elapsed]
yandex_compute_instance.node01: Still creating... [50s elapsed]
yandex_compute_instance.node01: Still creating... [1m0s elapsed]
yandex_compute_instance.node01: Creation complete after 1m2s [id=fhmmckjf97hmjlig2ta7]

Apply complete! Resources: 3 added, 0 changed, 0 destroyed.

Outputs:

external_ip_address_node01_yandex_cloud = "62.84.118.103"
internal_ip_address_node01_yandex_cloud = "192.168.101.16"